
Microsoft Visual Studio Solution File, Format Version 12.00
# Visual Studio Version 16
VisualStudioVersion = 16.0.29519.87
MinimumVisualStudioVersion = 10.0.40219.1
Project("{9A19103F-16F7-4668-BE54-9A1E7A4F7556}") = "Send", "Send\Send.csproj", "{DBB3A161-2AAE-44B6-9082-32BA7A5E1CE5}"
EndProject
Project("{9A19103F-16F7-4668-BE54-9A1E7A4F7556}") = "Receive", "Receive\Receive.csproj", "{7504688E-B5B9-44DC-A87F-C49E337CE8C7}"
EndProject
Project("{9A19103F-16F7-4668-BE54-9A1E7A4F7556}") = "RabbitMq", "RabbitMq\RabbitMq.csproj", "{48DD8C89-64CE-4D3D-B760-887E1D9B87D7}"
EndProject
Project("{9A19103F-16F7-4668-BE54-9A1E7A4F7556}") = "MessageBus", "MessageBus\MessageBus.csproj", "{B5AB36C4-A5EE-427D-BB65-5B2D6B80ED71}"
EndProject
Project("{9A19103F-16F7-4668-BE54-9A1E7A4F7556}") = "Consumer", "Consumer\Consumer.csproj", "{5D8D2721-4A00-4B53-B737-7CE4A53AEFC2}"
EndProject
Project("{9A19103F-16F7-4668-BE54-9A1E7A4F7556}") = "Producer", "Producer\Producer.csproj", "{6C0583D1-B1EF-4DFA-9587-1EAB4C5B0B4D}"
EndProject
Project("{FAE04EC0-301F-11D3-BF4B-00C04F79EFBC}") = "Consumer2", "Consumer2\Consumer2.csproj", "{7CC261F8-33E7-4E86-8DD3-9AF3F577E85A}"
EndProject
Global
	GlobalSection(SolutionConfigurationPlatforms) = preSolution
		Debug|Any CPU = Debug|Any CPU
		Release|Any CPU = Release|Any CPU
	EndGlobalSection
	GlobalSection(ProjectConfigurationPlatforms) = postSolution
		{DBB3A161-2AAE-44B6-9082-32BA7A5E1CE5}.Debug|Any CPU.ActiveCfg = Debug|Any CPU
		{DBB3A161-2AAE-44B6-9082-32BA7A5E1CE5}.Debug|Any CPU.Build.0 = Debug|Any CPU
		{DBB3A161-2AAE-44B6-9082-32BA7A5E1CE5}.Release|Any CPU.ActiveCfg = Release|Any CPU
		{DBB3A161-2AAE-44B6-9082-32BA7A5E1CE5}.Release|Any CPU.Build.0 = Release|Any CPU
		{7504688E-B5B9-44DC-A87F-C49E337CE8C7}.Debug|Any CPU.ActiveCfg = Debug|Any CPU
		{7504688E-B5B9-44DC-A87F-C49E337CE8C7}.Debug|Any CPU.Build.0 = Debug|Any CPU
		{7504688E-B5B9-44DC-A87F-C49E337CE8C7}.Release|Any CPU.ActiveCfg = Release|Any CPU
		{7504688E-B5B9-44DC-A87F-C49E337CE8C7}.Release|Any CPU.Build.0 = Release|Any CPU
		{48DD8C89-64CE-4D3D-B760-887E1D9B87D7}.Debug|Any CPU.ActiveCfg = Debug|Any CPU
		{48DD8C89-64CE-4D3D-B760-887E1D9B87D7}.Debug|Any CPU.Build.0 = Debug|Any CPU
		{48DD8C89-64CE-4D3D-B760-887E1D9B87D7}.Release|Any CPU.ActiveCfg = Release|Any CPU
		{48DD8C89-64CE-4D3D-B760-887E1D9B87D7}.Release|Any CPU.Build.0 = Release|Any CPU
		{B5AB36C4-A5EE-427D-BB65-5B2D6B80ED71}.Debug|Any CPU.ActiveCfg = Debug|Any CPU
		{B5AB36C4-A5EE-427D-BB65-5B2D6B80ED71}.Debug|Any CPU.Build.0 = Debug|Any CPU
		{B5AB36C4-A5EE-427D-BB65-5B2D6B80ED71}.Release|Any CPU.ActiveCfg = Release|Any CPU
		{B5AB36C4-A5EE-427D-BB65-5B2D6B80ED71}.Release|Any CPU.Build.0 = Release|Any CPU
		{5D8D2721-4A00-4B53-B737-7CE4A53AEFC2}.Debug|Any CPU.ActiveCfg = Debug|Any CPU
		{5D8D2721-4A00-4B53-B737-7CE4A53AEFC2}.Debug|Any CPU.Build.0 = Debug|Any CPU
		{5D8D2721-4A00-4B53-B737-7CE4A53AEFC2}.Release|Any CPU.ActiveCfg = Release|Any CPU
		{5D8D2721-4A00-4B53-B737-7CE4A53AEFC2}.Release|Any CPU.Build.0 = Release|Any CPU
		{6C0583D1-B1EF-4DFA-9587-1EAB4C5B0B4D}.Debug|Any CPU.ActiveCfg = Debug|Any CPU
		{6C0583D1-B1EF-4DFA-9587-1EAB4C5B0B4D}.Debug|Any CPU.Build.0 = Debug|Any CPU
		{6C0583D1-B1EF-4DFA-9587-1EAB4C5B0B4D}.Release|Any CPU.ActiveCfg = Release|Any CPU
		{6C0583D1-B1EF-4DFA-9587-1EAB4C5B0B4D}.Release|Any CPU.Build.0 = Release|Any CPU
		{7CC261F8-33E7-4E86-8DD3-9AF3F577E85A}.Debug|Any CPU.ActiveCfg = Debug|Any CPU
		{7CC261F8-33E7-4E86-8DD3-9AF3F577E85A}.Debug|Any CPU.Build.0 = Debug|Any CPU
		{7CC261F8-33E7-4E86-8DD3-9AF3F577E85A}.Release|Any CPU.ActiveCfg = Release|Any CPU
		{7CC261F8-33E7-4E86-8DD3-9AF3F577E85A}.Release|Any CPU.Build.0 = Release|Any CPU
	EndGlobalSection
	GlobalSection(SolutionProperties) = preSolution
		HideSolutionNode = FALSE
	EndGlobalSection
	GlobalSection(ExtensibilityGlobals) = postSolution
		SolutionGuid = {656189DE-5132-4B9E-95A3-19C4711A60C7}
	EndGlobalSection
EndGlobal
