
Microsoft Visual Studio Solution File, Format Version 12.00
# Visual Studio Version 16
VisualStudioVersion = 16.0.29519.87
MinimumVisualStudioVersion = 10.0.40219.1
Project("{9A19103F-16F7-4668-BE54-9A1E7A4F7556}") = "Send", "Send\Send.csproj", "{DBB3A161-2AAE-44B6-9082-32BA7A5E1CE5}"
EndProject
Project("{9A19103F-16F7-4668-BE54-9A1E7A4F7556}") = "Receive", "Receive\Receive.csproj", "{7504688E-B5B9-44DC-A87F-C49E337CE8C7}"
EndProject
Project("{9A19103F-16F7-4668-BE54-9A1E7A4F7556}") = "RabbitMq", "RabbitMq\RabbitMq.csproj", "{48DD8C89-64CE-4D3D-B760-887E1D9B87D7}"
EndProject
Project("{9A19103F-16F7-4668-BE54-9A1E7A4F7556}") = "MessageBus", "MessageBus\MessageBus.csproj", "{B5AB36C4-A5EE-427D-BB65-5B2D6B80ED71}"
EndProject
Project("{FAE04EC0-301F-11D3-BF4B-00C04F79EFBC}") = "Producer-Consumer", "Producer-Consumer\Producer-Consumer.csproj", "{6601EAF1-2964-4690-B20A-F91A933A9303}"
EndProject
Global
	GlobalSection(SolutionConfigurationPlatforms) = preSolution
		Debug|Any CPU = Debug|Any CPU
		Release|Any CPU = Release|Any CPU
	EndGlobalSection
	GlobalSection(ProjectConfigurationPlatforms) = postSolution
		{DBB3A161-2AAE-44B6-9082-32BA7A5E1CE5}.Debug|Any CPU.ActiveCfg = Debug|Any CPU
		{DBB3A161-2AAE-44B6-9082-32BA7A5E1CE5}.Debug|Any CPU.Build.0 = Debug|Any CPU
		{DBB3A161-2AAE-44B6-9082-32BA7A5E1CE5}.Release|Any CPU.ActiveCfg = Release|Any CPU
		{DBB3A161-2AAE-44B6-9082-32BA7A5E1CE5}.Release|Any CPU.Build.0 = Release|Any CPU
		{7504688E-B5B9-44DC-A87F-C49E337CE8C7}.Debug|Any CPU.ActiveCfg = Debug|Any CPU
		{7504688E-B5B9-44DC-A87F-C49E337CE8C7}.Debug|Any CPU.Build.0 = Debug|Any CPU
		{7504688E-B5B9-44DC-A87F-C49E337CE8C7}.Release|Any CPU.ActiveCfg = Release|Any CPU
		{7504688E-B5B9-44DC-A87F-C49E337CE8C7}.Release|Any CPU.Build.0 = Release|Any CPU
		{48DD8C89-64CE-4D3D-B760-887E1D9B87D7}.Debug|Any CPU.ActiveCfg = Debug|Any CPU
		{48DD8C89-64CE-4D3D-B760-887E1D9B87D7}.Debug|Any CPU.Build.0 = Debug|Any CPU
		{48DD8C89-64CE-4D3D-B760-887E1D9B87D7}.Release|Any CPU.ActiveCfg = Release|Any CPU
		{48DD8C89-64CE-4D3D-B760-887E1D9B87D7}.Release|Any CPU.Build.0 = Release|Any CPU
		{B5AB36C4-A5EE-427D-BB65-5B2D6B80ED71}.Debug|Any CPU.ActiveCfg = Debug|Any CPU
		{B5AB36C4-A5EE-427D-BB65-5B2D6B80ED71}.Debug|Any CPU.Build.0 = Debug|Any CPU
		{B5AB36C4-A5EE-427D-BB65-5B2D6B80ED71}.Release|Any CPU.ActiveCfg = Release|Any CPU
		{B5AB36C4-A5EE-427D-BB65-5B2D6B80ED71}.Release|Any CPU.Build.0 = Release|Any CPU
		{6601EAF1-2964-4690-B20A-F91A933A9303}.Debug|Any CPU.ActiveCfg = Debug|Any CPU
		{6601EAF1-2964-4690-B20A-F91A933A9303}.Debug|Any CPU.Build.0 = Debug|Any CPU
		{6601EAF1-2964-4690-B20A-F91A933A9303}.Release|Any CPU.ActiveCfg = Release|Any CPU
		{6601EAF1-2964-4690-B20A-F91A933A9303}.Release|Any CPU.Build.0 = Release|Any CPU
	EndGlobalSection
	GlobalSection(SolutionProperties) = preSolution
		HideSolutionNode = FALSE
	EndGlobalSection
	GlobalSection(ExtensibilityGlobals) = postSolution
		SolutionGuid = {656189DE-5132-4B9E-95A3-19C4711A60C7}
	EndGlobalSection
EndGlobal
